
Microsoft Visual Studio Solution File, Format Version 12.00
# Visual Studio Version 17
VisualStudioVersion = 17.9.34728.123
MinimumVisualStudioVersion = 10.0.40219.1
Project("{FAE04EC0-301F-11D3-BF4B-00C04F79EFBC}") = "pryMuñozEtapa4", "pryMuñozEtapa4\pryMuñozEtapa4.csproj", "{F01476D8-B77B-4A36-BF64-A274B1B35B76}"
EndProject
Global
	GlobalSection(SolutionConfigurationPlatforms) = preSolution
		Debug|Any CPU = Debug|Any CPU
		Release|Any CPU = Release|Any CPU
	EndGlobalSection
	GlobalSection(ProjectConfigurationPlatforms) = postSolution
		{F01476D8-B77B-4A36-BF64-A274B1B35B76}.Debug|Any CPU.ActiveCfg = Debug|Any CPU
		{F01476D8-B77B-4A36-BF64-A274B1B35B76}.Debug|Any CPU.Build.0 = Debug|Any CPU
		{F01476D8-B77B-4A36-BF64-A274B1B35B76}.Release|Any CPU.ActiveCfg = Release|Any CPU
		{F01476D8-B77B-4A36-BF64-A274B1B35B76}.Release|Any CPU.Build.0 = Release|Any CPU
	EndGlobalSection
	GlobalSection(SolutionProperties) = preSolution
		HideSolutionNode = FALSE
	EndGlobalSection
	GlobalSection(ExtensibilityGlobals) = postSolution
		SolutionGuid = {67111E6B-09D0-413C-91CE-4A3B2C1E4106}
	EndGlobalSection
EndGlobal
